{
  "version": 4,
  "terraform_version": "1.11.3",
  "serial": 1,
  "lineage": "1883110f-f713-9bb8-64c4-289a2975735e",
  "outputs": {
    "resource_group_id": {
      "value": "/subscriptions/815316d6-c838-4ce2-be88-559c7825f41b/resourceGroups/test-rg-terraform",
      "type": "string"
    },
    "resource_group_name": {
      "value": "test-rg-terraform",
      "type": "string"
    }
  },
  "resources": [
    {
      "mode": "managed",
      "type": "azurerm_resource_group",
      "name": "function_app_rg",
      "provider": "provider[\"registry.terraform.io/hashicorp/azurerm\"]",
      "instances": [
        {
          "schema_version": 0,
          "attributes": {
            "id": "/subscriptions/815316d6-c838-4ce2-be88-559c7825f41b/resourceGroups/test-rg-terraform",
            "location": "westeurope",
            "managed_by": "",
            "name": "test-rg-terraform",
            "tags": {
              "Environment": "Development",
              "Owner": "DuongNguyen"
            },
            "timeouts": null
          },
          "sensitive_attributes": [],
          "private": "eyJlMmJmYjczMC1lY2FhLTExZTYtOGY4OC0zNDM2M2JjN2M0YzAiOnsiY3JlYXRlIjo1NDAwMDAwMDAwMDAwLCJkZWxldGUiOjU0MDAwMDAwMDAwMDAsInJlYWQiOjMwMDAwMDAwMDAwMCwidXBkYXRlIjo1NDAwMDAwMDAwMDAwfSwic2NoZW1hX3ZlcnNpb24iOiIwIn0="
        }
      ]
    }
  ],
  "check_results": null
}
